{
  "name": "affectimo",
  "version": "2.1.0",
  "lockfileVersion": 1,
  "requires": true,
  "dependencies": {
    "async": {
      "version": "2.6.0",
      "resolved": "https://registry.npmjs.org/async/-/async-2.6.0.tgz",
      "integrity": "sha512-xAfGg1/NTLBBKlHFmnd7PlmUW9KhVQIUuSrYem9xzFUZy13ScvtyGGejaae9iAVRiRq9+Cx7DPFaAAhCpyxyPw==",
      "requires": {
        "lodash": "4.17.4"
      }
    },
    "happynodetokenizer": {
      "version": "0.3.0",
      "resolved": "https://registry.npmjs.org/happynodetokenizer/-/happynodetokenizer-0.3.0.tgz",
      "integrity": "sha512-U96/1joOiPt7w8a5e2bdCn3jwEx4uI6Ntx6er0OWvyMW1C0gqboeEocn8vvrprjGBIQphXnGbjatl09GHrm8BA==",
      "requires": {
        "he": "1.1.1"
      }
    },
    "he": {
      "version": "1.1.1",
      "resolved": "https://registry.npmjs.org/he/-/he-1.1.1.tgz",
      "integrity": "sha1-k0EP0hsAlzUVH4howvJx80J+I/0="
    },
    "lex-helpers": {
      "version": "0.2.1",
      "resolved": "https://registry.npmjs.org/lex-helpers/-/lex-helpers-0.2.1.tgz",
      "integrity": "sha512-fPcMUzv7Ei41eSOEQO9OmRXaXJfsNPQ0trMtaIKeYtX/6Pwg5JennsFLEsO3Rs2K9FRD7VPmD3/EXfuygmQlHQ==",
      "requires": {
        "async": "2.6.0"
      }
    },
    "lodash": {
      "version": "4.17.4",
      "resolved": "https://registry.npmjs.org/lodash/-/lodash-4.17.4.tgz",
      "integrity": "sha1-eCA6TRwyiuHYbcpkYONptX9AVa4="
    },
    "simplengrams": {
      "version": "0.2.0",
      "resolved": "https://registry.npmjs.org/simplengrams/-/simplengrams-0.2.0.tgz",
      "integrity": "sha512-AppGdNCB3wQQUVah9z69udpHilnUW4Bwm+72wePjUiMQw/1A0tx8VzPLHh8HWZ/d6oduyFycgF1oFqMam4VQUQ==",
      "requires": {
        "happynodetokenizer": "0.3.0"
      }
    }
  }
}
